
Microsoft Visual Studio Solution File, Format Version 12.00
# Visual Studio 2013
VisualStudioVersion = 12.0.30501.0
MinimumVisualStudioVersion = 10.0.40219.1
Project("{FAE04EC0-301F-11D3-BF4B-00C04F79EFBC}") = "DierenAsiel", "DierenAsiel\DierenAsiel.csproj", "{4298B7E8-68FF-43C1-A1A9-65AD3126B312}"
EndProject
Project("{FAE04EC0-301F-11D3-BF4B-00C04F79EFBC}") = "DierenasielTest", "DierenasielTest\DierenasielTest.csproj", "{95B04A90-4F89-47CC-A782-4F03C6F1017A}"
EndProject
Global
	GlobalSection(SolutionConfigurationPlatforms) = preSolution
		Debug|Any CPU = Debug|Any CPU
		Release|Any CPU = Release|Any CPU
	EndGlobalSection
	GlobalSection(ProjectConfigurationPlatforms) = postSolution
		{4298B7E8-68FF-43C1-A1A9-65AD3126B312}.Debug|Any CPU.ActiveCfg = Debug|Any CPU
		{4298B7E8-68FF-43C1-A1A9-65AD3126B312}.Debug|Any CPU.Build.0 = Debug|Any CPU
		{4298B7E8-68FF-43C1-A1A9-65AD3126B312}.Release|Any CPU.ActiveCfg = Release|Any CPU
		{4298B7E8-68FF-43C1-A1A9-65AD3126B312}.Release|Any CPU.Build.0 = Release|Any CPU
		{95B04A90-4F89-47CC-A782-4F03C6F1017A}.Debug|Any CPU.ActiveCfg = Debug|Any CPU
		{95B04A90-4F89-47CC-A782-4F03C6F1017A}.Debug|Any CPU.Build.0 = Debug|Any CPU
		{95B04A90-4F89-47CC-A782-4F03C6F1017A}.Release|Any CPU.ActiveCfg = Release|Any CPU
		{95B04A90-4F89-47CC-A782-4F03C6F1017A}.Release|Any CPU.Build.0 = Release|Any CPU
	EndGlobalSection
	GlobalSection(SolutionProperties) = preSolution
		HideSolutionNode = FALSE
	EndGlobalSection
EndGlobal
